{
  "pins" : [
    {
      "identity" : "mapbox-common-ios",
      "kind" : "remoteSourceControl",
      "location" : "https://github.com/mapbox/mapbox-common-ios.git",
      "state" : {
        "revision" : "2db19ddde415b79f35de497240cd6ba563416657",
        "version" : "24.4.0-beta.1"
      }
    },
    {
      "identity" : "mapbox-core-maps-ios",
      "kind" : "remoteSourceControl",
      "location" : "https://github.com/mapbox/mapbox-core-maps-ios.git",
      "state" : {
        "revision" : "40da10b7dd365ef2350a35ccb5abefe726a0761c",
        "version" : "11.4.0-beta.1"
      }
    },
    {
      "identity" : "turf-swift",
      "kind" : "remoteSourceControl",
      "location" : "https://github.com/SharperShape/turf-swift.git",
      "state" : {
        "branch" : "v2-new-new",
        "revision" : "ffb59b0957082c311303abb0e752faf846228d19"
      }
    }
  ],
  "version" : 2
}
