{
  "pins" : [
    {
      "identity" : "mapbox-common-ios",
      "kind" : "remoteSourceControl",
      "location" : "https://github.com/mapbox/mapbox-common-ios.git",
      "state" : {
        "revision" : "c4802a9d46caed980477c7fc5d92a7b2ca22e0c0",
        "version" : "24.10.0"
      }
    },
    {
      "identity" : "mapbox-core-maps-ios",
      "kind" : "remoteSourceControl",
      "location" : "https://github.com/mapbox/mapbox-core-maps-ios.git",
      "state" : {
        "revision" : "dede3d5ae0b3bd5f4a0cbeed015f4396bd7f283d",
        "version" : "11.10.2"
      }
    },
    {
      "identity" : "turf-swift",
      "kind" : "remoteSourceControl",
      "location" : "https://github.com/SharperShape/turf-swift.git",
      "state" : {
        "branch" : "v4-new",
        "revision" : "e089e7487223c3ab0eb061c95d538376927ceeb1"
      }
    }
  ],
  "version" : 2
}
